
Microsoft Visual Studio Solution File, Format Version 12.00
# Visual Studio Version 17
VisualStudioVersion = 17.11.35327.3
MinimumVisualStudioVersion = 10.0.40219.1
Project("{9A19103F-16F7-4668-BE54-9A1E7A4F7556}") = "Smart-Device-Control-App", "Smart-Device-Control-App\Smart-Device-Control-App.csproj", "{10704470-8D48-473B-92A4-80F0A022DF26}"
EndProject
Project("{9A19103F-16F7-4668-BE54-9A1E7A4F7556}") = "Smart-Device-Control-App.Test", "Smart-Device-Control-App-Test\Smart-Device-Control-App.Test.csproj", "{814F96F9-20FF-46A9-8555-B8E7D7A1B0AF}"
EndProject
Global
	GlobalSection(SolutionConfigurationPlatforms) = preSolution
		Debug|Any CPU = Debug|Any CPU
		Release|Any CPU = Release|Any CPU
	EndGlobalSection
	GlobalSection(ProjectConfigurationPlatforms) = postSolution
		{10704470-8D48-473B-92A4-80F0A022DF26}.Debug|Any CPU.ActiveCfg = Debug|Any CPU
		{10704470-8D48-473B-92A4-80F0A022DF26}.Debug|Any CPU.Build.0 = Debug|Any CPU
		{10704470-8D48-473B-92A4-80F0A022DF26}.Release|Any CPU.ActiveCfg = Release|Any CPU
		{10704470-8D48-473B-92A4-80F0A022DF26}.Release|Any CPU.Build.0 = Release|Any CPU
		{814F96F9-20FF-46A9-8555-B8E7D7A1B0AF}.Debug|Any CPU.ActiveCfg = Debug|Any CPU
		{814F96F9-20FF-46A9-8555-B8E7D7A1B0AF}.Debug|Any CPU.Build.0 = Debug|Any CPU
		{814F96F9-20FF-46A9-8555-B8E7D7A1B0AF}.Release|Any CPU.ActiveCfg = Release|Any CPU
		{814F96F9-20FF-46A9-8555-B8E7D7A1B0AF}.Release|Any CPU.Build.0 = Release|Any CPU
	EndGlobalSection
	GlobalSection(SolutionProperties) = preSolution
		HideSolutionNode = FALSE
	EndGlobalSection
	GlobalSection(ExtensibilityGlobals) = postSolution
		SolutionGuid = {7B96053D-CA77-49A5-913A-5B071ACE1C83}
	EndGlobalSection
EndGlobal
